// !$*UTF8*$!
{
	archiveVersion = 1;
	classes = {
	};
	objectVersion = 46;
	objects = {

/* Begin PBXBuildFile section */
		910E63741F2CAD22004AD583 /* PromoDetailViewController.swift in Sources */ = {isa = PBXBuildFile; fileRef = 910E63731F2CAD22004AD583 /* PromoDetailViewController.swift */; };
		910E63781F2DBC69004AD583 /* SettingTableViewController.swift in Sources */ = {isa = PBXBuildFile; fileRef = 910E63771F2DBC69004AD583 /* SettingTableViewController.swift */; };
		91200D0A1F197FC1006AD068 /* confirmRegister.swift in Sources */ = {isa = PBXBuildFile; fileRef = 91200D091F197FC1006AD068 /* confirmRegister.swift */; };
		91200D0F1F1A289A006AD068 /* TableViewController.swift in Sources */ = {isa = PBXBuildFile; fileRef = 91200D0E1F1A289A006AD068 /* TableViewController.swift */; };
		91200D111F1A56B6006AD068 /* AddWarrantyViewController.swift in Sources */ = {isa = PBXBuildFile; fileRef = 91200D101F1A56B6006AD068 /* AddWarrantyViewController.swift */; };
		91200D131F1A692C006AD068 /* ScanQR.swift in Sources */ = {isa = PBXBuildFile; fileRef = 91200D121F1A692C006AD068 /* ScanQR.swift */; };
		91200D151F1A77BB006AD068 /* DetailWarrantyViewController.swift in Sources */ = {isa = PBXBuildFile; fileRef = 91200D141F1A77BB006AD068 /* DetailWarrantyViewController.swift */; };
		91200D6D1F1E48F3006AD068 /* ScanViewController.swift in Sources */ = {isa = PBXBuildFile; fileRef = 91200D6C1F1E48F3006AD068 /* ScanViewController.swift */; };
		91200D731F1E528C006AD068 /* ShowDetailQRViewController.swift in Sources */ = {isa = PBXBuildFile; fileRef = 91200D721F1E528C006AD068 /* ShowDetailQRViewController.swift */; };
		91200D751F1E58B1006AD068 /* QRCodeReaderViewControllerBuilder.swift in Sources */ = {isa = PBXBuildFile; fileRef = 91200D741F1E58B1006AD068 /* QRCodeReaderViewControllerBuilder.swift */; };
		91200D771F1E59C3006AD068 /* QRCodeReader.swift in Sources */ = {isa = PBXBuildFile; fileRef = 91200D761F1E59C3006AD068 /* QRCodeReader.swift */; };
		91200D791F1E59F1006AD068 /* QRCodeReaderResult.swift in Sources */ = {isa = PBXBuildFile; fileRef = 91200D781F1E59F1006AD068 /* QRCodeReaderResult.swift */; };
		91200D7B1F1E5B33006AD068 /* QRCodeReaderContainer.swift in Sources */ = {isa = PBXBuildFile; fileRef = 91200D7A1F1E5B33006AD068 /* QRCodeReaderContainer.swift */; };
		91200D7D1F1E5D78006AD068 /* QRCodeReaderViewControllerDelegate.swift in Sources */ = {isa = PBXBuildFile; fileRef = 91200D7C1F1E5D78006AD068 /* QRCodeReaderViewControllerDelegate.swift */; };
		91200D7F1F1E5D9B006AD068 /* ReaderOverlayView.swift in Sources */ = {isa = PBXBuildFile; fileRef = 91200D7E1F1E5D9B006AD068 /* ReaderOverlayView.swift */; };
		91200D811F1E5E0B006AD068 /* QRCodeReaderView.swift in Sources */ = {isa = PBXBuildFile; fileRef = 91200D801F1E5E0B006AD068 /* QRCodeReaderView.swift */; };
		91200D831F1E5FDD006AD068 /* QRCodeReaderViewController.swift in Sources */ = {isa = PBXBuildFile; fileRef = 91200D821F1E5FDD006AD068 /* QRCodeReaderViewController.swift */; };
		91200D851F1E6175006AD068 /* ToggleTorchButton.swift in Sources */ = {isa = PBXBuildFile; fileRef = 91200D841F1E6175006AD068 /* ToggleTorchButton.swift */; };
		91200D871F1E80E4006AD068 /* SwitchCameraButton.swift in Sources */ = {isa = PBXBuildFile; fileRef = 91200D861F1E80E4006AD068 /* SwitchCameraButton.swift */; };
		91200D8E1F210396006AD068 /* MainNavigationViewController.swift in Sources */ = {isa = PBXBuildFile; fileRef = 91200D8D1F210396006AD068 /* MainNavigationViewController.swift */; };
		91200D931F234A46006AD068 /* ContactViewController.swift in Sources */ = {isa = PBXBuildFile; fileRef = 91200D921F234A46006AD068 /* ContactViewController.swift */; };
		91200D981F23A785006AD068 /* MapKit.framework in Frameworks */ = {isa = PBXBuildFile; fileRef = 91200D971F23A785006AD068 /* MapKit.framework */; };
		91200D9A1F23A794006AD068 /* CoreLocation.framework in Frameworks */ = {isa = PBXBuildFile; fileRef = 91200D991F23A794006AD068 /* CoreLocation.framework */; };
		91200D9D1F23A8F1006AD068 /* MapViewController.swift in Sources */ = {isa = PBXBuildFile; fileRef = 91200D9C1F23A8F1006AD068 /* MapViewController.swift */; };
		91200D9F1F23C57D006AD068 /* FixViewTableCell.swift in Sources */ = {isa = PBXBuildFile; fileRef = 91200D9E1F23C57D006AD068 /* FixViewTableCell.swift */; };
		91200DA31F2ACFB3006AD068 /* HistoryViewController.swift in Sources */ = {isa = PBXBuildFile; fileRef = 91200DA21F2ACFB3006AD068 /* HistoryViewController.swift */; };
		91200DA71F2B367A006AD068 /* PromotionViewController.swift in Sources */ = {isa = PBXBuildFile; fileRef = 91200DA61F2B367A006AD068 /* PromotionViewController.swift */; };
		91200DAA1F2B371A006AD068 /* classForTableView.swift in Sources */ = {isa = PBXBuildFile; fileRef = 91200DA91F2B371A006AD068 /* classForTableView.swift */; };
		91200DAC1F2B4158006AD068 /* ConfirmQRViewController.swift in Sources */ = {isa = PBXBuildFile; fileRef = 91200DAB1F2B4158006AD068 /* ConfirmQRViewController.swift */; };
		91200DB01F2B92A0006AD068 /* ImageCollectionViewCell.swift in Sources */ = {isa = PBXBuildFile; fileRef = 91200DAF1F2B92A0006AD068 /* ImageCollectionViewCell.swift */; };
		91200DB21F2B9A54006AD068 /* WebViewController.swift in Sources */ = {isa = PBXBuildFile; fileRef = 91200DB11F2B9A54006AD068 /* WebViewController.swift */; };
		91200DB41F2BA2FE006AD068 /* NotificationViewController.swift in Sources */ = {isa = PBXBuildFile; fileRef = 91200DB31F2BA2FE006AD068 /* NotificationViewController.swift */; };
		91C2587A1F1225830089F340 /* AppDelegate.swift in Sources */ = {isa = PBXBuildFile; fileRef = 91C258791F1225830089F340 /* AppDelegate.swift */; };
		91C2587C1F1225830089F340 /* ViewController.swift in Sources */ = {isa = PBXBuildFile; fileRef = 91C2587B1F1225830089F340 /* ViewController.swift */; };
		91C2587F1F1225830089F340 /* Main.storyboard in Resources */ = {isa = PBXBuildFile; fileRef = 91C2587D1F1225830089F340 /* Main.storyboard */; };
		91C258811F1225830089F340 /* Assets.xcassets in Resources */ = {isa = PBXBuildFile; fileRef = 91C258801F1225830089F340 /* Assets.xcassets */; };
		91C258841F1225830089F340 /* LaunchScreen.storyboard in Resources */ = {isa = PBXBuildFile; fileRef = 91C258821F1225830089F340 /* LaunchScreen.storyboard */; };
		91C2588F1F1225830089F340 /* MyISProjectTests.swift in Sources */ = {isa = PBXBuildFile; fileRef = 91C2588E1F1225830089F340 /* MyISProjectTests.swift */; };
		91C2589A1F1225840089F340 /* MyISProjectUITests.swift in Sources */ = {isa = PBXBuildFile; fileRef = 91C258991F1225840089F340 /* MyISProjectUITests.swift */; };
		91C258AD1F167CC80089F340 /* constant.swift in Sources */ = {isa = PBXBuildFile; fileRef = 91C258AC1F167CC80089F340 /* constant.swift */; };
		91C258B11F17B3F90089F340 /* RegisterUser.swift in Sources */ = {isa = PBXBuildFile; fileRef = 91C258B01F17B3F90089F340 /* RegisterUser.swift */; };
/* End PBXBuildFile section */

/* Begin PBXContainerItemProxy section */
		91C2588B1F1225830089F340 /* PBXContainerItemProxy */ = {
			isa = PBXContainerItemProxy;
			containerPortal = 91C2586E1F1225830089F340 /* Project object */;
			proxyType = 1;
			remoteGlobalIDString = 91C258751F1225830089F340;
			remoteInfo = MyISProject;
		};
		91C258961F1225840089F340 /* PBXContainerItemProxy */ = {
			isa = PBXContainerItemProxy;
			containerPortal = 91C2586E1F1225830089F340 /* Project object */;
			proxyType = 1;
			remoteGlobalIDString = 91C258751F1225830089F340;
			remoteInfo = MyISProject;
		};
/* End PBXContainerItemProxy section */

/* Begin PBXFileReference section */
		910E63731F2CAD22004AD583 /* PromoDetailViewController.swift */ = {isa = PBXFileReference; fileEncoding = 4; lastKnownFileType = sourcecode.swift; path = PromoDetailViewController.swift; sourceTree = "<group>"; };
		910E63771F2DBC69004AD583 /* SettingTableViewController.swift */ = {isa = PBXFileReference; fileEncoding = 4; lastKnownFileType = sourcecode.swift; path = SettingTableViewController.swift; sourceTree = "<group>"; };
		91200D091F197FC1006AD068 /* confirmRegister.swift */ = {isa = PBXFileReference; fileEncoding = 4; lastKnownFileType = sourcecode.swift; path = confirmRegister.swift; sourceTree = "<group>"; };
		91200D0E1F1A289A006AD068 /* TableViewController.swift */ = {isa = PBXFileReference; fileEncoding = 4; lastKnownFileType = sourcecode.swift; path = TableViewController.swift; sourceTree = "<group>"; };
		91200D101F1A56B6006AD068 /* AddWarrantyViewController.swift */ = {isa = PBXFileReference; fileEncoding = 4; lastKnownFileType = sourcecode.swift; path = AddWarrantyViewController.swift; sourceTree = "<group>"; };
		91200D121F1A692C006AD068 /* ScanQR.swift */ = {isa = PBXFileReference; fileEncoding = 4; lastKnownFileType = sourcecode.swift; path = ScanQR.swift; sourceTree = "<group>"; };
		91200D141F1A77BB006AD068 /* DetailWarrantyViewController.swift */ = {isa = PBXFileReference; fileEncoding = 4; lastKnownFileType = sourcecode.swift; path = DetailWarrantyViewController.swift; sourceTree = "<group>"; };
		91200D6C1F1E48F3006AD068 /* ScanViewController.swift */ = {isa = PBXFileReference; fileEncoding = 4; lastKnownFileType = sourcecode.swift; path = ScanViewController.swift; sourceTree = "<group>"; };
		91200D721F1E528C006AD068 /* ShowDetailQRViewController.swift */ = {isa = PBXFileReference; fileEncoding = 4; lastKnownFileType = sourcecode.swift; path = ShowDetailQRViewController.swift; sourceTree = "<group>"; };
		91200D741F1E58B1006AD068 /* QRCodeReaderViewControllerBuilder.swift */ = {isa = PBXFileReference; fileEncoding = 4; lastKnownFileType = sourcecode.swift; path = QRCodeReaderViewControllerBuilder.swift; sourceTree = "<group>"; };
		91200D761F1E59C3006AD068 /* QRCodeReader.swift */ = {isa = PBXFileReference; fileEncoding = 4; lastKnownFileType = sourcecode.swift; path = QRCodeReader.swift; sourceTree = "<group>"; };
		91200D781F1E59F1006AD068 /* QRCodeReaderResult.swift */ = {isa = PBXFileReference; fileEncoding = 4; lastKnownFileType = sourcecode.swift; path = QRCodeReaderResult.swift; sourceTree = "<group>"; };
		91200D7A1F1E5B33006AD068 /* QRCodeReaderContainer.swift */ = {isa = PBXFileReference; fileEncoding = 4; lastKnownFileType = sourcecode.swift; path = QRCodeReaderContainer.swift; sourceTree = "<group>"; };
		91200D7C1F1E5D78006AD068 /* QRCodeReaderViewControllerDelegate.swift */ = {isa = PBXFileReference; fileEncoding = 4; lastKnownFileType = sourcecode.swift; path = QRCodeReaderViewControllerDelegate.swift; sourceTree = "<group>"; };
		91200D7E1F1E5D9B006AD068 /* ReaderOverlayView.swift */ = {isa = PBXFileReference; fileEncoding = 4; lastKnownFileType = sourcecode.swift; path = ReaderOverlayView.swift; sourceTree = "<group>"; };
		91200D801F1E5E0B006AD068 /* QRCodeReaderView.swift */ = {isa = PBXFileReference; fileEncoding = 4; lastKnownFileType = sourcecode.swift; path = QRCodeReaderView.swift; sourceTree = "<group>"; };
		91200D821F1E5FDD006AD068 /* QRCodeReaderViewController.swift */ = {isa = PBXFileReference; fileEncoding = 4; lastKnownFileType = sourcecode.swift; path = QRCodeReaderViewController.swift; sourceTree = "<group>"; };
		91200D841F1E6175006AD068 /* ToggleTorchButton.swift */ = {isa = PBXFileReference; fileEncoding = 4; lastKnownFileType = sourcecode.swift; path = ToggleTorchButton.swift; sourceTree = "<group>"; };
		91200D861F1E80E4006AD068 /* SwitchCameraButton.swift */ = {isa = PBXFileReference; fileEncoding = 4; lastKnownFileType = sourcecode.swift; path = SwitchCameraButton.swift; sourceTree = "<group>"; };
		91200D8D1F210396006AD068 /* MainNavigationViewController.swift */ = {isa = PBXFileReference; fileEncoding = 4; lastKnownFileType = sourcecode.swift; path = MainNavigationViewController.swift; sourceTree = "<group>"; };
		91200D921F234A46006AD068 /* ContactViewController.swift */ = {isa = PBXFileReference; fileEncoding = 4; lastKnownFileType = sourcecode.swift; path = ContactViewController.swift; sourceTree = "<group>"; };
		91200D971F23A785006AD068 /* MapKit.framework */ = {isa = PBXFileReference; lastKnownFileType = wrapper.framework; name = MapKit.framework; path = System/Library/Frameworks/MapKit.framework; sourceTree = SDKROOT; };
		91200D991F23A794006AD068 /* CoreLocation.framework */ = {isa = PBXFileReference; lastKnownFileType = wrapper.framework; name = CoreLocation.framework; path = System/Library/Frameworks/CoreLocation.framework; sourceTree = SDKROOT; };
		91200D9C1F23A8F1006AD068 /* MapViewController.swift */ = {isa = PBXFileReference; fileEncoding = 4; lastKnownFileType = sourcecode.swift; path = MapViewController.swift; sourceTree = "<group>"; };
		91200D9E1F23C57D006AD068 /* FixViewTableCell.swift */ = {isa = PBXFileReference; fileEncoding = 4; lastKnownFileType = sourcecode.swift; path = FixViewTableCell.swift; sourceTree = "<group>"; };
		91200DA21F2ACFB3006AD068 /* HistoryViewController.swift */ = {isa = PBXFileReference; fileEncoding = 4; lastKnownFileType = sourcecode.swift; path = HistoryViewController.swift; sourceTree = "<group>"; };
		91200DA61F2B367A006AD068 /* PromotionViewController.swift */ = {isa = PBXFileReference; fileEncoding = 4; lastKnownFileType = sourcecode.swift; path = PromotionViewController.swift; sourceTree = "<group>"; };
		91200DA91F2B371A006AD068 /* classForTableView.swift */ = {isa = PBXFileReference; fileEncoding = 4; lastKnownFileType = sourcecode.swift; path = classForTableView.swift; sourceTree = "<group>"; };
		91200DAB1F2B4158006AD068 /* ConfirmQRViewController.swift */ = {isa = PBXFileReference; fileEncoding = 4; lastKnownFileType = sourcecode.swift; path = ConfirmQRViewController.swift; sourceTree = "<group>"; };
		91200DAF1F2B92A0006AD068 /* ImageCollectionViewCell.swift */ = {isa = PBXFileReference; fileEncoding = 4; lastKnownFileType = sourcecode.swift; path = ImageCollectionViewCell.swift; sourceTree = "<group>"; };
		91200DB11F2B9A54006AD068 /* WebViewController.swift */ = {isa = PBXFileReference; fileEncoding = 4; lastKnownFileType = sourcecode.swift; path = WebViewController.swift; sourceTree = "<group>"; };
		91200DB31F2BA2FE006AD068 /* NotificationViewController.swift */ = {isa = PBXFileReference; fileEncoding = 4; lastKnownFileType = sourcecode.swift; path = NotificationViewController.swift; sourceTree = "<group>"; };
		91C258761F1225830089F340 /* MyISProject.app */ = {isa = PBXFileReference; explicitFileType = wrapper.application; includeInIndex = 0; path = MyISProject.app; sourceTree = BUILT_PRODUCTS_DIR; };
		91C258791F1225830089F340 /* AppDelegate.swift */ = {isa = PBXFileReference; lastKnownFileType = sourcecode.swift; path = AppDelegate.swift; sourceTree = "<group>"; };
		91C2587B1F1225830089F340 /* ViewController.swift */ = {isa = PBXFileReference; lastKnownFileType = sourcecode.swift; path = ViewController.swift; sourceTree = "<group>"; };
		91C2587E1F1225830089F340 /* Base */ = {isa = PBXFileReference; lastKnownFileType = file.storyboard; name = Base; path = Base.lproj/Main.storyboard; sourceTree = "<group>"; };
		91C258801F1225830089F340 /* Assets.xcassets */ = {isa = PBXFileReference; lastKnownFileType = folder.assetcatalog; path = Assets.xcassets; sourceTree = "<group>"; };
		91C258831F1225830089F340 /* Base */ = {isa = PBXFileReference; lastKnownFileType = file.storyboard; name = Base; path = Base.lproj/LaunchScreen.storyboard; sourceTree = "<group>"; };
		91C258851F1225830089F340 /* Info.plist */ = {isa = PBXFileReference; lastKnownFileType = text.plist.xml; path = Info.plist; sourceTree = "<group>"; };
		91C2588A1F1225830089F340 /* MyISProjectTests.xctest */ = {isa = PBXFileReference; explicitFileType = wrapper.cfbundle; includeInIndex = 0; path = MyISProjectTests.xctest; sourceTree = BUILT_PRODUCTS_DIR; };
		91C2588E1F1225830089F340 /* MyISProjectTests.swift */ = {isa = PBXFileReference; lastKnownFileType = sourcecode.swift; path = MyISProjectTests.swift; sourceTree = "<group>"; };
		91C258901F1225840089F340 /* Info.plist */ = {isa = PBXFileReference; lastKnownFileType = text.plist.xml; path = Info.plist; sourceTree = "<group>"; };
		91C258951F1225840089F340 /* MyISProjectUITests.xctest */ = {isa = PBXFileReference; explicitFileType = wrapper.cfbundle; includeInIndex = 0; path = MyISProjectUITests.xctest; sourceTree = BUILT_PRODUCTS_DIR; };
		91C258991F1225840089F340 /* MyISProjectUITests.swift */ = {isa = PBXFileReference; lastKnownFileType = sourcecode.swift; path = MyISProjectUITests.swift; sourceTree = "<group>"; };
		91C2589B1F1225840089F340 /* Info.plist */ = {isa = PBXFileReference; lastKnownFileType = text.plist.xml; path = Info.plist; sourceTree = "<group>"; };
		91C258AC1F167CC80089F340 /* constant.swift */ = {isa = PBXFileReference; fileEncoding = 4; lastKnownFileType = sourcecode.swift; path = constant.swift; sourceTree = "<group>"; };
		91C258B01F17B3F90089F340 /* RegisterUser.swift */ = {isa = PBXFileReference; fileEncoding = 4; lastKnownFileType = sourcecode.swift; path = RegisterUser.swift; sourceTree = "<group>"; };
/* End PBXFileReference section */

/* Begin PBXFrameworksBuildPhase section */
		91C258731F1225830089F340 /* Frameworks */ = {
			isa = PBXFrameworksBuildPhase;
			buildActionMask = 2147483647;
			files = (
				91200D9A1F23A794006AD068 /* CoreLocation.framework in Frameworks */,
				91200D981F23A785006AD068 /* MapKit.framework in Frameworks */,
			);
			runOnlyForDeploymentPostprocessing = 0;
		};
		91C258871F1225830089F340 /* Frameworks */ = {
			isa = PBXFrameworksBuildPhase;
			buildActionMask = 2147483647;
			files = (
			);
			runOnlyForDeploymentPostprocessing = 0;
		};
		91C258921F1225840089F340 /* Frameworks */ = {
			isa = PBXFrameworksBuildPhase;
			buildActionMask = 2147483647;
			files = (
			);
			runOnlyForDeploymentPostprocessing = 0;
		};
/* End PBXFrameworksBuildPhase section */

/* Begin PBXGroup section */
		91200D6B1F1E48B4006AD068 /* ScanQR */ = {
			isa = PBXGroup;
			children = (
				91200D741F1E58B1006AD068 /* QRCodeReaderViewControllerBuilder.swift */,
				91200D761F1E59C3006AD068 /* QRCodeReader.swift */,
				91200D781F1E59F1006AD068 /* QRCodeReaderResult.swift */,
				91200D7A1F1E5B33006AD068 /* QRCodeReaderContainer.swift */,
				91200D7C1F1E5D78006AD068 /* QRCodeReaderViewControllerDelegate.swift */,
				91200D7E1F1E5D9B006AD068 /* ReaderOverlayView.swift */,
				91200D801F1E5E0B006AD068 /* QRCodeReaderView.swift */,
				91200D821F1E5FDD006AD068 /* QRCodeReaderViewController.swift */,
				91200D841F1E6175006AD068 /* ToggleTorchButton.swift */,
				91200D861F1E80E4006AD068 /* SwitchCameraButton.swift */,
			);
			name = ScanQR;
			sourceTree = "<group>";
		};
		91200D8A1F210342006AD068 /* Screen */ = {
			isa = PBXGroup;
			children = (
				91200D141F1A77BB006AD068 /* DetailWarrantyViewController.swift */,
				91200D101F1A56B6006AD068 /* AddWarrantyViewController.swift */,
				91200D921F234A46006AD068 /* ContactViewController.swift */,
				91200D091F197FC1006AD068 /* confirmRegister.swift */,
				91C2587B1F1225830089F340 /* ViewController.swift */,
				91200D721F1E528C006AD068 /* ShowDetailQRViewController.swift */,
				91C258B01F17B3F90089F340 /* RegisterUser.swift */,
				91200DA21F2ACFB3006AD068 /* HistoryViewController.swift */,
				91200DA61F2B367A006AD068 /* PromotionViewController.swift */,
				91200DAB1F2B4158006AD068 /* ConfirmQRViewController.swift */,
				91200DB11F2B9A54006AD068 /* WebViewController.swift */,
				91200DB31F2BA2FE006AD068 /* NotificationViewController.swift */,
				91200D6C1F1E48F3006AD068 /* ScanViewController.swift */,
				910E63731F2CAD22004AD583 /* PromoDetailViewController.swift */,
				910E63771F2DBC69004AD583 /* SettingTableViewController.swift */,
			);
			name = Screen;
			sourceTree = "<group>";
		};
		91200D8F1F210E33006AD068 /* manage */ = {
			isa = PBXGroup;
			children = (
				91200D8D1F210396006AD068 /* MainNavigationViewController.swift */,
				91200D9E1F23C57D006AD068 /* FixViewTableCell.swift */,
				91200D0E1F1A289A006AD068 /* TableViewController.swift */,
				91200DAF1F2B92A0006AD068 /* ImageCollectionViewCell.swift */,
			);
			name = manage;
			sourceTree = "<group>";
		};
		91200D961F23A785006AD068 /* Frameworks */ = {
			isa = PBXGroup;
			children = (
				91200D991F23A794006AD068 /* CoreLocation.framework */,
				91200D971F23A785006AD068 /* MapKit.framework */,
			);
			name = Frameworks;
			sourceTree = "<group>";
		};
		91200D9B1F23A8D3006AD068 /* Sub Screen */ = {
			isa = PBXGroup;
			children = (
				91200D9C1F23A8F1006AD068 /* MapViewController.swift */,
			);
			name = "Sub Screen";
			sourceTree = "<group>";
		};
		91200DA81F2B3708006AD068 /* class */ = {
			isa = PBXGroup;
			children = (
				91200DA91F2B371A006AD068 /* classForTableView.swift */,
			);
			name = class;
			sourceTree = "<group>";
		};
		91C2586D1F1225830089F340 = {
			isa = PBXGroup;
			children = (
				91200DA81F2B3708006AD068 /* class */,
				91C258781F1225830089F340 /* MyISProject */,
				91C2588D1F1225830089F340 /* MyISProjectTests */,
				91C258981F1225840089F340 /* MyISProjectUITests */,
				91C258771F1225830089F340 /* Products */,
				91200D961F23A785006AD068 /* Frameworks */,
			);
			sourceTree = "<group>";
		};
		91C258771F1225830089F340 /* Products */ = {
			isa = PBXGroup;
			children = (
				91C258761F1225830089F340 /* MyISProject.app */,
				91C2588A1F1225830089F340 /* MyISProjectTests.xctest */,
				91C258951F1225840089F340 /* MyISProjectUITests.xctest */,
			);
			name = Products;
			sourceTree = "<group>";
		};
		91C258781F1225830089F340 /* MyISProject */ = {
			isa = PBXGroup;
			children = (
				91200D9B1F23A8D3006AD068 /* Sub Screen */,
				91200D8F1F210E33006AD068 /* manage */,
				91200D8A1F210342006AD068 /* Screen */,
				91200D6B1F1E48B4006AD068 /* ScanQR */,
				91C258791F1225830089F340 /* AppDelegate.swift */,
				91C2587D1F1225830089F340 /* Main.storyboard */,
				91C258801F1225830089F340 /* Assets.xcassets */,
				91C258821F1225830089F340 /* LaunchScreen.storyboard */,
				91C258851F1225830089F340 /* Info.plist */,
				91C258AC1F167CC80089F340 /* constant.swift */,
				91200D121F1A692C006AD068 /* ScanQR.swift */,
			);
			path = MyISProject;
			sourceTree = "<group>";
		};
		91C2588D1F1225830089F340 /* MyISProjectTests */ = {
			isa = PBXGroup;
			children = (
				91C2588E1F1225830089F340 /* MyISProjectTests.swift */,
				91C258901F1225840089F340 /* Info.plist */,
			);
			path = MyISProjectTests;
			sourceTree = "<group>";
		};
		91C258981F1225840089F340 /* MyISProjectUITests */ = {
			isa = PBXGroup;
			children = (
				91C258991F1225840089F340 /* MyISProjectUITests.swift */,
				91C2589B1F1225840089F340 /* Info.plist */,
			);
			path = MyISProjectUITests;
			sourceTree = "<group>";
		};
/* End PBXGroup section */

/* Begin PBXNativeTarget section */
		91C258751F1225830089F340 /* MyISProject */ = {
			isa = PBXNativeTarget;
			buildConfigurationList = 91C2589E1F1225840089F340 /* Build configuration list for PBXNativeTarget "MyISProject" */;
			buildPhases = (
				91C258721F1225830089F340 /* Sources */,
				91C258731F1225830089F340 /* Frameworks */,
				91C258741F1225830089F340 /* Resources */,
			);
			buildRules = (
			);
			dependencies = (
			);
			name = MyISProject;
			productName = MyISProject;
			productReference = 91C258761F1225830089F340 /* MyISProject.app */;
			productType = "com.apple.product-type.application";
		};
		91C258891F1225830089F340 /* MyISProjectTests */ = {
			isa = PBXNativeTarget;
			buildConfigurationList = 91C258A11F1225840089F340 /* Build configuration list for PBXNativeTarget "MyISProjectTests" */;
			buildPhases = (
				91C258861F1225830089F340 /* Sources */,
				91C258871F1225830089F340 /* Frameworks */,
				91C258881F1225830089F340 /* Resources */,
			);
			buildRules = (
			);
			dependencies = (
				91C2588C1F1225830089F340 /* PBXTargetDependency */,
			);
			name = MyISProjectTests;
			productName = MyISProjectTests;
			productReference = 91C2588A1F1225830089F340 /* MyISProjectTests.xctest */;
			productType = "com.apple.product-type.bundle.unit-test";
		};
		91C258941F1225840089F340 /* MyISProjectUITests */ = {
			isa = PBXNativeTarget;
			buildConfigurationList = 91C258A41F1225840089F340 /* Build configuration list for PBXNativeTarget "MyISProjectUITests" */;
			buildPhases = (
				91C258911F1225840089F340 /* Sources */,
				91C258921F1225840089F340 /* Frameworks */,
				91C258931F1225840089F340 /* Resources */,
			);
			buildRules = (
			);
			dependencies = (
				91C258971F1225840089F340 /* PBXTargetDependency */,
			);
			name = MyISProjectUITests;
			productName = MyISProjectUITests;
			productReference = 91C258951F1225840089F340 /* MyISProjectUITests.xctest */;
			productType = "com.apple.product-type.bundle.ui-testing";
		};
/* End PBXNativeTarget section */

/* Begin PBXProject section */
		91C2586E1F1225830089F340 /* Project object */ = {
			isa = PBXProject;
			attributes = {
				LastSwiftUpdateCheck = 0830;
				LastUpgradeCheck = 0830;
				ORGANIZATIONNAME = "Kamonpan Ketlue";
				TargetAttributes = {
					91C258751F1225830089F340 = {
						CreatedOnToolsVersion = 8.3.2;
						DevelopmentTeam = FZZ33759P6;
						ProvisioningStyle = Automatic;
					};
					91C258891F1225830089F340 = {
						CreatedOnToolsVersion = 8.3.2;
						DevelopmentTeam = FZZ33759P6;
						ProvisioningStyle = Automatic;
						TestTargetID = 91C258751F1225830089F340;
					};
					91C258941F1225840089F340 = {
						CreatedOnToolsVersion = 8.3.2;
						DevelopmentTeam = FZZ33759P6;
						ProvisioningStyle = Automatic;
						TestTargetID = 91C258751F1225830089F340;
					};
				};
			};
			buildConfigurationList = 91C258711F1225830089F340 /* Build configuration list for PBXProject "MyISProject" */;
			compatibilityVersion = "Xcode 3.2";
			developmentRegion = English;
			hasScannedForEncodings = 0;
			knownRegions = (
				en,
				Base,
				es,
			);
			mainGroup = 91C2586D1F1225830089F340;
			productRefGroup = 91C258771F1225830089F340 /* Products */;
			projectDirPath = "";
			projectRoot = "";
			targets = (
				91C258751F1225830089F340 /* MyISProject */,
				91C258891F1225830089F340 /* MyISProjectTests */,
				91C258941F1225840089F340 /* MyISProjectUITests */,
			);
		};
/* End PBXProject section */

/* Begin PBXResourcesBuildPhase section */
		91C258741F1225830089F340 /* Resources */ = {
			isa = PBXResourcesBuildPhase;
			buildActionMask = 2147483647;
			files = (
				91C258841F1225830089F340 /* LaunchScreen.storyboard in Resources */,
				91C258811F1225830089F340 /* Assets.xcassets in Resources */,
				91C2587F1F1225830089F340 /* Main.storyboard in Resources */,
			);
			runOnlyForDeploymentPostprocessing = 0;
		};
		91C258881F1225830089F340 /* Resources */ = {
			isa = PBXResourcesBuildPhase;
			buildActionMask = 2147483647;
			files = (
			);
			runOnlyForDeploymentPostprocessing = 0;
		};
		91C258931F1225840089F340 /* Resources */ = {
			isa = PBXResourcesBuildPhase;
			buildActionMask = 2147483647;
			files = (
			);
			runOnlyForDeploymentPostprocessing = 0;
		};
/* End PBXResourcesBuildPhase section */

/* Begin PBXSourcesBuildPhase section */
		91C258721F1225830089F340 /* Sources */ = {
			isa = PBXSourcesBuildPhase;
			buildActionMask = 2147483647;
			files = (
				91C2587C1F1225830089F340 /* ViewController.swift in Sources */,
				91200D871F1E80E4006AD068 /* SwitchCameraButton.swift in Sources */,
				91200DB41F2BA2FE006AD068 /* NotificationViewController.swift in Sources */,
				91200D731F1E528C006AD068 /* ShowDetailQRViewController.swift in Sources */,
				91200D6D1F1E48F3006AD068 /* ScanViewController.swift in Sources */,
				91200D831F1E5FDD006AD068 /* QRCodeReaderViewController.swift in Sources */,
				91200DA31F2ACFB3006AD068 /* HistoryViewController.swift in Sources */,
				91200DB01F2B92A0006AD068 /* ImageCollectionViewCell.swift in Sources */,
				91200D791F1E59F1006AD068 /* QRCodeReaderResult.swift in Sources */,
				91200D7F1F1E5D9B006AD068 /* ReaderOverlayView.swift in Sources */,
				91200D111F1A56B6006AD068 /* AddWarrantyViewController.swift in Sources */,
				91200D9D1F23A8F1006AD068 /* MapViewController.swift in Sources */,
				91200D9F1F23C57D006AD068 /* FixViewTableCell.swift in Sources */,
				91C258B11F17B3F90089F340 /* RegisterUser.swift in Sources */,
				91200D931F234A46006AD068 /* ContactViewController.swift in Sources */,
				91C2587A1F1225830089F340 /* AppDelegate.swift in Sources */,
				91200D851F1E6175006AD068 /* ToggleTorchButton.swift in Sources */,
				91200D811F1E5E0B006AD068 /* QRCodeReaderView.swift in Sources */,
				91200DAC1F2B4158006AD068 /* ConfirmQRViewController.swift in Sources */,
				91200D8E1F210396006AD068 /* MainNavigationViewController.swift in Sources */,
				91200D771F1E59C3006AD068 /* QRCodeReader.swift in Sources */,
				910E63741F2CAD22004AD583 /* PromoDetailViewController.swift in Sources */,
				91200D751F1E58B1006AD068 /* QRCodeReaderViewControllerBuilder.swift in Sources */,
				91200D151F1A77BB006AD068 /* DetailWarrantyViewController.swift in Sources */,
				91200D0F1F1A289A006AD068 /* TableViewController.swift in Sources */,
				91200DAA1F2B371A006AD068 /* classForTableView.swift in Sources */,
				91C258AD1F167CC80089F340 /* constant.swift in Sources */,
				91200D0A1F197FC1006AD068 /* confirmRegister.swift in Sources */,
				91200D7B1F1E5B33006AD068 /* QRCodeReaderContainer.swift in Sources */,
				91200D7D1F1E5D78006AD068 /* QRCodeReaderViewControllerDelegate.swift in Sources */,
				910E63781F2DBC69004AD583 /* SettingTableViewController.swift in Sources */,
				91200DB21F2B9A54006AD068 /* WebViewController.swift in Sources */,
				91200DA71F2B367A006AD068 /* PromotionViewController.swift in Sources */,
				91200D131F1A692C006AD068 /* ScanQR.swift in Sources */,
			);
			runOnlyForDeploymentPostprocessing = 0;
		};
		91C258861F1225830089F340 /* Sources */ = {
			isa = PBXSourcesBuildPhase;
			buildActionMask = 2147483647;
			files = (
				91C2588F1F1225830089F340 /* MyISProjectTests.swift in Sources */,
			);
			runOnlyForDeploymentPostprocessing = 0;
		};
		91C258911F1225840089F340 /* Sources */ = {
			isa = PBXSourcesBuildPhase;
			buildActionMask = 2147483647;
			files = (
				91C2589A1F1225840089F340 /* MyISProjectUITests.swift in Sources */,
			);
			runOnlyForDeploymentPostprocessing = 0;
		};
/* End PBXSourcesBuildPhase section */

/* Begin PBXTargetDependency section */
		91C2588C1F1225830089F340 /* PBXTargetDependency */ = {
			isa = PBXTargetDependency;
			target = 91C258751F1225830089F340 /* MyISProject */;
			targetProxy = 91C2588B1F1225830089F340 /* PBXContainerItemProxy */;
		};
		91C258971F1225840089F340 /* PBXTargetDependency */ = {
			isa = PBXTargetDependency;
			target = 91C258751F1225830089F340 /* MyISProject */;
			targetProxy = 91C258961F1225840089F340 /* PBXContainerItemProxy */;
		};
/* End PBXTargetDependency section */

/* Begin PBXVariantGroup section */
		91C2587D1F1225830089F340 /* Main.storyboard */ = {
			isa = PBXVariantGroup;
			children = (
				91C2587E1F1225830089F340 /* Base */,
			);
			name = Main.storyboard;
			sourceTree = "<group>";
		};
		91C258821F1225830089F340 /* LaunchScreen.storyboard */ = {
			isa = PBXVariantGroup;
			children = (
				91C258831F1225830089F340 /* Base */,
			);
			name = LaunchScreen.storyboard;
			sourceTree = "<group>";
		};
/* End PBXVariantGroup section */

/* Begin XCBuildConfiguration section */
		91C2589C1F1225840089F340 /* Debug */ = {
			isa = XCBuildConfiguration;
			buildSettings = {
				ALWAYS_SEARCH_USER_PATHS = NO;
				CLANG_ANALYZER_NONNULL = YES;
				CLANG_ANALYZER_NUMBER_OBJECT_CONVERSION = YES_AGGRESSIVE;
				CLANG_CXX_LANGUAGE_STANDARD = "gnu++0x";
				CLANG_CXX_LIBRARY = "libc++";
				CLANG_ENABLE_MODULES = YES;
				CLANG_ENABLE_OBJC_ARC = YES;
				CLANG_WARN_BOOL_CONVERSION = YES;
				CLANG_WARN_CONSTANT_CONVERSION = YES;
				CLANG_WARN_DIRECT_OBJC_ISA_USAGE = YES_ERROR;
				CLANG_WARN_DOCUMENTATION_COMMENTS = YES;
				CLANG_WARN_EMPTY_BODY = YES;
				CLANG_WARN_ENUM_CONVERSION = YES;
				CLANG_WARN_INFINITE_RECURSION = YES;
				CLANG_WARN_INT_CONVERSION = YES;
				CLANG_WARN_OBJC_ROOT_CLASS = YES_ERROR;
				CLANG_WARN_SUSPICIOUS_MOVE = YES;
				CLANG_WARN_UNREACHABLE_CODE = YES;
				CLANG_WARN__DUPLICATE_METHOD_MATCH = YES;
				"CODE_SIGN_IDENTITY[sdk=iphoneos*]" = "iPhone Developer";
				COPY_PHASE_STRIP = NO;
				DEBUG_INFORMATION_FORMAT = dwarf;
				ENABLE_STRICT_OBJC_MSGSEND = YES;
				ENABLE_TESTABILITY = YES;
				GCC_C_LANGUAGE_STANDARD = gnu99;
				GCC_DYNAMIC_NO_PIC = NO;
				GCC_NO_COMMON_BLOCKS = YES;
				GCC_OPTIMIZATION_LEVEL = 0;
				GCC_PREPROCESSOR_DEFINITIONS = (
					"DEBUG=1",
					"$(inherited)",
				);
				GCC_WARN_64_TO_32_BIT_CONVERSION = YES;
				GCC_WARN_ABOUT_RETURN_TYPE = YES_ERROR;
				GCC_WARN_UNDECLARED_SELECTOR = YES;
				GCC_WARN_UNINITIALIZED_AUTOS = YES_AGGRESSIVE;
				GCC_WARN_UNUSED_FUNCTION = YES;
				GCC_WARN_UNUSED_VARIABLE = YES;
				IPHONEOS_DEPLOYMENT_TARGET = 10.3;
				MTL_ENABLE_DEBUG_INFO = YES;
				ONLY_ACTIVE_ARCH = YES;
				SDKROOT = iphoneos;
				SWIFT_ACTIVE_COMPILATION_CONDITIONS = DEBUG;
				SWIFT_OPTIMIZATION_LEVEL = "-Onone";
				TARGETED_DEVICE_FAMILY = "1,2";
			};
			name = Debug;
		};
		91C2589D1F1225840089F340 /* Release */ = {
			isa = XCBuildConfiguration;
			buildSettings = {
				ALWAYS_SEARCH_USER_PATHS = NO;
				CLANG_ANALYZER_NONNULL = YES;
				CLANG_ANALYZER_NUMBER_OBJECT_CONVERSION = YES_AGGRESSIVE;
				CLANG_CXX_LANGUAGE_STANDARD = "gnu++0x";
				CLANG_CXX_LIBRARY = "libc++";
				CLANG_ENABLE_MODULES = YES;
				CLANG_ENABLE_OBJC_ARC = YES;
				CLANG_WARN_BOOL_CONVERSION = YES;
				CLANG_WARN_CONSTANT_CONVERSION = YES;
				CLANG_WARN_DIRECT_OBJC_ISA_USAGE = YES_ERROR;
				CLANG_WARN_DOCUMENTATION_COMMENTS = YES;
				CLANG_WARN_EMPTY_BODY = YES;
				CLANG_WARN_ENUM_CONVERSION = YES;
				CLANG_WARN_INFINITE_RECURSION = YES;
				CLANG_WARN_INT_CONVERSION = YES;
				CLANG_WARN_OBJC_ROOT_CLASS = YES_ERROR;
				CLANG_WARN_SUSPICIOUS_MOVE = YES;
				CLANG_WARN_UNREACHABLE_CODE = YES;
				CLANG_WARN__DUPLICATE_METHOD_MATCH = YES;
				"CODE_SIGN_IDENTITY[sdk=iphoneos*]" = "iPhone Developer";
				COPY_PHASE_STRIP = NO;
				DEBUG_INFORMATION_FORMAT = "dwarf-with-dsym";
				ENABLE_NS_ASSERTIONS = NO;
				ENABLE_STRICT_OBJC_MSGSEND = YES;
				GCC_C_LANGUAGE_STANDARD = gnu99;
				GCC_NO_COMMON_BLOCKS = YES;
				GCC_WARN_64_TO_32_BIT_CONVERSION = YES;
				GCC_WARN_ABOUT_RETURN_TYPE = YES_ERROR;
				GCC_WARN_UNDECLARED_SELECTOR = YES;
				GCC_WARN_UNINITIALIZED_AUTOS = YES_AGGRESSIVE;
				GCC_WARN_UNUSED_FUNCTION = YES;
				GCC_WARN_UNUSED_VARIABLE = YES;
				IPHONEOS_DEPLOYMENT_TARGET = 10.3;
				MTL_ENABLE_DEBUG_INFO = NO;
				SDKROOT = iphoneos;
				SWIFT_OPTIMIZATION_LEVEL = "-Owholemodule";
				TARGETED_DEVICE_FAMILY = "1,2";
				VALIDATE_PRODUCT = YES;
			};
			name = Release;
		};
		91C2589F1F1225840089F340 /* Debug */ = {
			isa = XCBuildConfiguration;
			buildSettings = {
				ASSETCATALOG_COMPILER_APPICON_NAME = AppIcon;
				DEVELOPMENT_TEAM = FZZ33759P6;
				INFOPLIST_FILE = MyISProject/Info.plist;
				LD_RUNPATH_SEARCH_PATHS = "$(inherited) @executable_path/Frameworks";
				PRODUCT_BUNDLE_IDENTIFIER = com.example.MyISProject;
				PRODUCT_NAME = "$(TARGET_NAME)";
				SWIFT_VERSION = 3.0;
			};
			name = Debug;
		};
		91C258A01F1225840089F340 /* Release */ = {
			isa = XCBuildConfiguration;
			buildSettings = {
				ASSETCATALOG_COMPILER_APPICON_NAME = AppIcon;
				DEVELOPMENT_TEAM = FZZ33759P6;
				INFOPLIST_FILE = MyISProject/Info.plist;
				LD_RUNPATH_SEARCH_PATHS = "$(inherited) @executable_path/Frameworks";
				PRODUCT_BUNDLE_IDENTIFIER = com.example.MyISProject;
				PRODUCT_NAME = "$(TARGET_NAME)";
				SWIFT_VERSION = 3.0;
			};
			name = Release;
		};
		91C258A21F1225840089F340 /* Debug */ = {
			isa = XCBuildConfiguration;
			buildSettings = {
				ALWAYS_EMBED_SWIFT_STANDARD_LIBRARIES = YES;
				BUNDLE_LOADER = "$(TEST_HOST)";
				DEVELOPMENT_TEAM = FZZ33759P6;
				INFOPLIST_FILE = MyISProjectTests/Info.plist;
				LD_RUNPATH_SEARCH_PATHS = "$(inherited) @executable_path/Frameworks @loader_path/Frameworks";
				PRODUCT_BUNDLE_IDENTIFIER = com.example.MyISProjectTests;
				PRODUCT_NAME = "$(TARGET_NAME)";
				SWIFT_VERSION = 3.0;
				TEST_HOST = "$(BUILT_PRODUCTS_DIR)/MyISProject.app/MyISProject";
			};
			name = Debug;
		};
		91C258A31F1225840089F340 /* Release */ = {
			isa = XCBuildConfiguration;
			buildSettings = {
				ALWAYS_EMBED_SWIFT_STANDARD_LIBRARIES = YES;
				BUNDLE_LOADER = "$(TEST_HOST)";
				DEVELOPMENT_TEAM = FZZ33759P6;
				INFOPLIST_FILE = MyISProjectTests/Info.plist;
				LD_RUNPATH_SEARCH_PATHS = "$(inherited) @executable_path/Frameworks @loader_path/Frameworks";
				PRODUCT_BUNDLE_IDENTIFIER = com.example.MyISProjectTests;
				PRODUCT_NAME = "$(TARGET_NAME)";
				SWIFT_VERSION = 3.0;
				TEST_HOST = "$(BUILT_PRODUCTS_DIR)/MyISProject.app/MyISProject";
			};
			name = Release;
		};
		91C258A51F1225840089F340 /* Debug */ = {
			isa = XCBuildConfiguration;
			buildSettings = {
				ALWAYS_EMBED_SWIFT_STANDARD_LIBRARIES = YES;
				DEVELOPMENT_TEAM = FZZ33759P6;
				INFOPLIST_FILE = MyISProjectUITests/Info.plist;
				LD_RUNPATH_SEARCH_PATHS = "$(inherited) @executable_path/Frameworks @loader_path/Frameworks";
				PRODUCT_BUNDLE_IDENTIFIER = com.example.MyISProjectUITests;
				PRODUCT_NAME = "$(TARGET_NAME)";
				SWIFT_VERSION = 3.0;
				TEST_TARGET_NAME = MyISProject;
			};
			name = Debug;
		};
		91C258A61F1225840089F340 /* Release */ = {
			isa = XCBuildConfiguration;
			buildSettings = {
				ALWAYS_EMBED_SWIFT_STANDARD_LIBRARIES = YES;
				DEVELOPMENT_TEAM = FZZ33759P6;
				INFOPLIST_FILE = MyISProjectUITests/Info.plist;
				LD_RUNPATH_SEARCH_PATHS = "$(inherited) @executable_path/Frameworks @loader_path/Frameworks";
				PRODUCT_BUNDLE_IDENTIFIER = com.example.MyISProjectUITests;
				PRODUCT_NAME = "$(TARGET_NAME)";
				SWIFT_VERSION = 3.0;
				TEST_TARGET_NAME = MyISProject;
			};
			name = Release;
		};
/* End XCBuildConfiguration section */

/* Begin XCConfigurationList section */
		91C258711F1225830089F340 /* Build configuration list for PBXProject "MyISProject" */ = {
			isa = XCConfigurationList;
			buildConfigurations = (
				91C2589C1F1225840089F340 /* Debug */,
				91C2589D1F1225840089F340 /* Release */,
			);
			defaultConfigurationIsVisible = 0;
			defaultConfigurationName = Release;
		};
		91C2589E1F1225840089F340 /* Build configuration list for PBXNativeTarget "MyISProject" */ = {
			isa = XCConfigurationList;
			buildConfigurations = (
				91C2589F1F1225840089F340 /* Debug */,
				91C258A01F1225840089F340 /* Release */,
			);
			defaultConfigurationIsVisible = 0;
			defaultConfigurationName = Release;
		};
		91C258A11F1225840089F340 /* Build configuration list for PBXNativeTarget "MyISProjectTests" */ = {
			isa = XCConfigurationList;
			buildConfigurations = (
				91C258A21F1225840089F340 /* Debug */,
				91C258A31F1225840089F340 /* Release */,
			);
			defaultConfigurationIsVisible = 0;
			defaultConfigurationName = Release;
		};
		91C258A41F1225840089F340 /* Build configuration list for PBXNativeTarget "MyISProjectUITests" */ = {
			isa = XCConfigurationList;
			buildConfigurations = (
				91C258A51F1225840089F340 /* Debug */,
				91C258A61F1225840089F340 /* Release */,
			);
			defaultConfigurationIsVisible = 0;
			defaultConfigurationName = Release;
		};
/* End XCConfigurationList section */
	};
	rootObject = 91C2586E1F1225830089F340 /* Project object */;
}
