// !$*UTF8*$!
{
	archiveVersion = 1;
	classes = {
	};
	objectVersion = 46;
	objects = {

/* Begin PBXBuildFile section */
		910E63741F2CAD22004AD583 /* PromoDetailViewController.swift in Sources */ = {isa = PBXBuildFile; fileRef = 910E63731F2CAD22004AD583 /* PromoDetailViewController.swift */; };
		910E63781F2DBC69004AD583 /* SettingTableViewController.swift in Sources */ = {isa = PBXBuildFile; fileRef = 910E63771F2DBC69004AD583 /* SettingTableViewController.swift */; };
		91200D0A1F197FC1006AD068 /* ConfirmRegisterViewController.swift in Sources */ = {isa = PBXBuildFile; fileRef = 91200D091F197FC1006AD068 /* ConfirmRegisterViewController.swift */; };
		91200D0F1F1A289A006AD068 /* TableViewController.swift in Sources */ = {isa = PBXBuildFile; fileRef = 91200D0E1F1A289A006AD068 /* TableViewController.swift */; };
		91200D111F1A56B6006AD068 /* AddWarrantyViewController.swift in Sources */ = {isa = PBXBuildFile; fileRef = 91200D101F1A56B6006AD068 /* AddWarrantyViewController.swift */; };
		91200D151F1A77BB006AD068 /* DetailWarrantyViewController.swift in Sources */ = {isa = PBXBuildFile; fileRef = 91200D141F1A77BB006AD068 /* DetailWarrantyViewController.swift */; };
		91200D731F1E528C006AD068 /* ShowDetailQRViewController.swift in Sources */ = {isa = PBXBuildFile; fileRef = 91200D721F1E528C006AD068 /* ShowDetailQRViewController.swift */; };
		91200D8E1F210396006AD068 /* MainNavigationViewController.swift in Sources */ = {isa = PBXBuildFile; fileRef = 91200D8D1F210396006AD068 /* MainNavigationViewController.swift */; };
		91200D931F234A46006AD068 /* ContactViewController.swift in Sources */ = {isa = PBXBuildFile; fileRef = 91200D921F234A46006AD068 /* ContactViewController.swift */; };
		91200D981F23A785006AD068 /* MapKit.framework in Frameworks */ = {isa = PBXBuildFile; fileRef = 91200D971F23A785006AD068 /* MapKit.framework */; };
		91200D9A1F23A794006AD068 /* CoreLocation.framework in Frameworks */ = {isa = PBXBuildFile; fileRef = 91200D991F23A794006AD068 /* CoreLocation.framework */; };
		91200D9D1F23A8F1006AD068 /* MapViewController.swift in Sources */ = {isa = PBXBuildFile; fileRef = 91200D9C1F23A8F1006AD068 /* MapViewController.swift */; };
		91200D9F1F23C57D006AD068 /* FixViewTableCell.swift in Sources */ = {isa = PBXBuildFile; fileRef = 91200D9E1F23C57D006AD068 /* FixViewTableCell.swift */; };
		91200DA31F2ACFB3006AD068 /* HistoryViewController.swift in Sources */ = {isa = PBXBuildFile; fileRef = 91200DA21F2ACFB3006AD068 /* HistoryViewController.swift */; };
		91200DA71F2B367A006AD068 /* PromotionViewController.swift in Sources */ = {isa = PBXBuildFile; fileRef = 91200DA61F2B367A006AD068 /* PromotionViewController.swift */; };
		91200DAC1F2B4158006AD068 /* ConfirmQRViewController.swift in Sources */ = {isa = PBXBuildFile; fileRef = 91200DAB1F2B4158006AD068 /* ConfirmQRViewController.swift */; };
		91200DB01F2B92A0006AD068 /* ImageCollectionViewCell.swift in Sources */ = {isa = PBXBuildFile; fileRef = 91200DAF1F2B92A0006AD068 /* ImageCollectionViewCell.swift */; };
		91200DB21F2B9A54006AD068 /* WebViewController.swift in Sources */ = {isa = PBXBuildFile; fileRef = 91200DB11F2B9A54006AD068 /* WebViewController.swift */; };
		91200DB41F2BA2FE006AD068 /* NotificationViewController.swift in Sources */ = {isa = PBXBuildFile; fileRef = 91200DB31F2BA2FE006AD068 /* NotificationViewController.swift */; };
		919FB5C21F388C6E002BD2E5 /* ConditionViewController.swift in Sources */ = {isa = PBXBuildFile; fileRef = 919FB5C11F388C6E002BD2E5 /* ConditionViewController.swift */; };
		91C2587A1F1225830089F340 /* AppDelegate.swift in Sources */ = {isa = PBXBuildFile; fileRef = 91C258791F1225830089F340 /* AppDelegate.swift */; };
		91C2587C1F1225830089F340 /* ViewController.swift in Sources */ = {isa = PBXBuildFile; fileRef = 91C2587B1F1225830089F340 /* ViewController.swift */; };
		91C2587F1F1225830089F340 /* Main.storyboard in Resources */ = {isa = PBXBuildFile; fileRef = 91C2587D1F1225830089F340 /* Main.storyboard */; };
		91C258811F1225830089F340 /* Assets.xcassets in Resources */ = {isa = PBXBuildFile; fileRef = 91C258801F1225830089F340 /* Assets.xcassets */; };
		91C258841F1225830089F340 /* LaunchScreen.storyboard in Resources */ = {isa = PBXBuildFile; fileRef = 91C258821F1225830089F340 /* LaunchScreen.storyboard */; };
		91C258B11F17B3F90089F340 /* RegisterViewController.swift in Sources */ = {isa = PBXBuildFile; fileRef = 91C258B01F17B3F90089F340 /* RegisterViewController.swift */; };
		BD4864B71E4385F42101F7D3 /* Pods_MyISProject.framework in Frameworks */ = {isa = PBXBuildFile; fileRef = 3C1F0739829AF8AE8ADA0F33 /* Pods_MyISProject.framework */; };
		F23BD2281F3ED27800E316D5 /* WarrantyModel.swift in Sources */ = {isa = PBXBuildFile; fileRef = F23BD2271F3ED27800E316D5 /* WarrantyModel.swift */; };
		F23BD22B1F3EEEFD00E316D5 /* MyDateFormatter.swift in Sources */ = {isa = PBXBuildFile; fileRef = F23BD22A1F3EEEFD00E316D5 /* MyDateFormatter.swift */; };
		F23BD22D1F3F2A1200E316D5 /* HistoryModel.swift in Sources */ = {isa = PBXBuildFile; fileRef = F23BD22C1F3F2A1200E316D5 /* HistoryModel.swift */; };
		F23BD2311F3F2AA000E316D5 /* HistoryDetailViewController.swift in Sources */ = {isa = PBXBuildFile; fileRef = F23BD2301F3F2AA000E316D5 /* HistoryDetailViewController.swift */; };
		F23BD2331F3F336A00E316D5 /* HistoryEditViewController.swift in Sources */ = {isa = PBXBuildFile; fileRef = F23BD2321F3F336A00E316D5 /* HistoryEditViewController.swift */; };
		F23BD2361F3F672800E316D5 /* GoogleService-Info.plist in Resources */ = {isa = PBXBuildFile; fileRef = F23BD2351F3F672800E316D5 /* GoogleService-Info.plist */; };
		F23BD2381F3F699700E316D5 /* Promotion.swift in Sources */ = {isa = PBXBuildFile; fileRef = F23BD2371F3F699700E316D5 /* Promotion.swift */; };
		F23BD23A1F3F69AA00E316D5 /* Brand.swift in Sources */ = {isa = PBXBuildFile; fileRef = F23BD2391F3F69AA00E316D5 /* Brand.swift */; };
		F23BD23C1F3F69CE00E316D5 /* Notification.swift in Sources */ = {isa = PBXBuildFile; fileRef = F23BD23B1F3F69CE00E316D5 /* Notification.swift */; };
		F23BD23E1F400CCF00E316D5 /* AlertHelper.swift in Sources */ = {isa = PBXBuildFile; fileRef = F23BD23D1F400CCF00E316D5 /* AlertHelper.swift */; };
		F23BD2401F401F6E00E316D5 /* Util.swift in Sources */ = {isa = PBXBuildFile; fileRef = F23BD23F1F401F6E00E316D5 /* Util.swift */; };
		F23BD2421F41552600E316D5 /* HistoryConfirmViewController.swift in Sources */ = {isa = PBXBuildFile; fileRef = F23BD2411F41552600E316D5 /* HistoryConfirmViewController.swift */; };
		F23BD2451F417F9600E316D5 /* ResetPasswordViewController.swift in Sources */ = {isa = PBXBuildFile; fileRef = F23BD2441F417F9600E316D5 /* ResetPasswordViewController.swift */; };
		F23BD2471F418E0600E316D5 /* EditProfileViewController.swift in Sources */ = {isa = PBXBuildFile; fileRef = F23BD2461F418E0600E316D5 /* EditProfileViewController.swift */; };
		F23BD2491F49724300E316D5 /* UserModel.swift in Sources */ = {isa = PBXBuildFile; fileRef = F23BD2481F49724300E316D5 /* UserModel.swift */; };
		F23BD24B1F4986B900E316D5 /* Session.swift in Sources */ = {isa = PBXBuildFile; fileRef = F23BD24A1F4986B900E316D5 /* Session.swift */; };
/* End PBXBuildFile section */

/* Begin PBXFileReference section */
		3858E0DFD9316BD47287F3B5 /* Pods-MyISProject.debug.xcconfig */ = {isa = PBXFileReference; includeInIndex = 1; lastKnownFileType = text.xcconfig; name = "Pods-MyISProject.debug.xcconfig"; path = "Pods/Target Support Files/Pods-MyISProject/Pods-MyISProject.debug.xcconfig"; sourceTree = "<group>"; };
		38FF890D370CB1811E64D7B8 /* Pods-MyISProjectUITests.debug.xcconfig */ = {isa = PBXFileReference; includeInIndex = 1; lastKnownFileType = text.xcconfig; name = "Pods-MyISProjectUITests.debug.xcconfig"; path = "Pods/Target Support Files/Pods-MyISProjectUITests/Pods-MyISProjectUITests.debug.xcconfig"; sourceTree = "<group>"; };
		3C1F0739829AF8AE8ADA0F33 /* Pods_MyISProject.framework */ = {isa = PBXFileReference; explicitFileType = wrapper.framework; includeInIndex = 0; path = Pods_MyISProject.framework; sourceTree = BUILT_PRODUCTS_DIR; };
		3E1892F3CC4837DF464DD57B /* Pods-MyISProject.release.xcconfig */ = {isa = PBXFileReference; includeInIndex = 1; lastKnownFileType = text.xcconfig; name = "Pods-MyISProject.release.xcconfig"; path = "Pods/Target Support Files/Pods-MyISProject/Pods-MyISProject.release.xcconfig"; sourceTree = "<group>"; };
		5694FD6FCA0F6A36B4009B74 /* Pods-MyISProjectTests.debug.xcconfig */ = {isa = PBXFileReference; includeInIndex = 1; lastKnownFileType = text.xcconfig; name = "Pods-MyISProjectTests.debug.xcconfig"; path = "Pods/Target Support Files/Pods-MyISProjectTests/Pods-MyISProjectTests.debug.xcconfig"; sourceTree = "<group>"; };
		5F8CF479C07CB16E80C31CFF /* Pods-MyISProjectTests.release.xcconfig */ = {isa = PBXFileReference; includeInIndex = 1; lastKnownFileType = text.xcconfig; name = "Pods-MyISProjectTests.release.xcconfig"; path = "Pods/Target Support Files/Pods-MyISProjectTests/Pods-MyISProjectTests.release.xcconfig"; sourceTree = "<group>"; };
		910E63731F2CAD22004AD583 /* PromoDetailViewController.swift */ = {isa = PBXFileReference; fileEncoding = 4; lastKnownFileType = sourcecode.swift; path = PromoDetailViewController.swift; sourceTree = "<group>"; };
		910E63771F2DBC69004AD583 /* SettingTableViewController.swift */ = {isa = PBXFileReference; fileEncoding = 4; lastKnownFileType = sourcecode.swift; path = SettingTableViewController.swift; sourceTree = "<group>"; };
		91200D091F197FC1006AD068 /* ConfirmRegisterViewController.swift */ = {isa = PBXFileReference; fileEncoding = 4; lastKnownFileType = sourcecode.swift; path = ConfirmRegisterViewController.swift; sourceTree = "<group>"; };
		91200D0E1F1A289A006AD068 /* TableViewController.swift */ = {isa = PBXFileReference; fileEncoding = 4; lastKnownFileType = sourcecode.swift; path = TableViewController.swift; sourceTree = "<group>"; };
		91200D101F1A56B6006AD068 /* AddWarrantyViewController.swift */ = {isa = PBXFileReference; fileEncoding = 4; lastKnownFileType = sourcecode.swift; path = AddWarrantyViewController.swift; sourceTree = "<group>"; };
		91200D141F1A77BB006AD068 /* DetailWarrantyViewController.swift */ = {isa = PBXFileReference; fileEncoding = 4; lastKnownFileType = sourcecode.swift; path = DetailWarrantyViewController.swift; sourceTree = "<group>"; };
		91200D721F1E528C006AD068 /* ShowDetailQRViewController.swift */ = {isa = PBXFileReference; fileEncoding = 4; lastKnownFileType = sourcecode.swift; path = ShowDetailQRViewController.swift; sourceTree = "<group>"; };
		91200D8D1F210396006AD068 /* MainNavigationViewController.swift */ = {isa = PBXFileReference; fileEncoding = 4; lastKnownFileType = sourcecode.swift; path = MainNavigationViewController.swift; sourceTree = "<group>"; };
		91200D921F234A46006AD068 /* ContactViewController.swift */ = {isa = PBXFileReference; fileEncoding = 4; lastKnownFileType = sourcecode.swift; path = ContactViewController.swift; sourceTree = "<group>"; };
		91200D971F23A785006AD068 /* MapKit.framework */ = {isa = PBXFileReference; lastKnownFileType = wrapper.framework; name = MapKit.framework; path = System/Library/Frameworks/MapKit.framework; sourceTree = SDKROOT; };
		91200D991F23A794006AD068 /* CoreLocation.framework */ = {isa = PBXFileReference; lastKnownFileType = wrapper.framework; name = CoreLocation.framework; path = System/Library/Frameworks/CoreLocation.framework; sourceTree = SDKROOT; };
		91200D9C1F23A8F1006AD068 /* MapViewController.swift */ = {isa = PBXFileReference; fileEncoding = 4; lastKnownFileType = sourcecode.swift; path = MapViewController.swift; sourceTree = "<group>"; };
		91200D9E1F23C57D006AD068 /* FixViewTableCell.swift */ = {isa = PBXFileReference; fileEncoding = 4; lastKnownFileType = sourcecode.swift; path = FixViewTableCell.swift; sourceTree = "<group>"; };
		91200DA21F2ACFB3006AD068 /* HistoryViewController.swift */ = {isa = PBXFileReference; fileEncoding = 4; lastKnownFileType = sourcecode.swift; path = HistoryViewController.swift; sourceTree = "<group>"; };
		91200DA61F2B367A006AD068 /* PromotionViewController.swift */ = {isa = PBXFileReference; fileEncoding = 4; lastKnownFileType = sourcecode.swift; path = PromotionViewController.swift; sourceTree = "<group>"; };
		91200DAB1F2B4158006AD068 /* ConfirmQRViewController.swift */ = {isa = PBXFileReference; fileEncoding = 4; lastKnownFileType = sourcecode.swift; path = ConfirmQRViewController.swift; sourceTree = "<group>"; };
		91200DAF1F2B92A0006AD068 /* ImageCollectionViewCell.swift */ = {isa = PBXFileReference; fileEncoding = 4; lastKnownFileType = sourcecode.swift; path = ImageCollectionViewCell.swift; sourceTree = "<group>"; };
		91200DB11F2B9A54006AD068 /* WebViewController.swift */ = {isa = PBXFileReference; fileEncoding = 4; lastKnownFileType = sourcecode.swift; path = WebViewController.swift; sourceTree = "<group>"; };
		91200DB31F2BA2FE006AD068 /* NotificationViewController.swift */ = {isa = PBXFileReference; fileEncoding = 4; lastKnownFileType = sourcecode.swift; path = NotificationViewController.swift; sourceTree = "<group>"; };
		919FB5C11F388C6E002BD2E5 /* ConditionViewController.swift */ = {isa = PBXFileReference; fileEncoding = 4; lastKnownFileType = sourcecode.swift; path = ConditionViewController.swift; sourceTree = "<group>"; };
		91C258761F1225830089F340 /* MyISProject.app */ = {isa = PBXFileReference; explicitFileType = wrapper.application; includeInIndex = 0; path = MyISProject.app; sourceTree = BUILT_PRODUCTS_DIR; };
		91C258791F1225830089F340 /* AppDelegate.swift */ = {isa = PBXFileReference; lastKnownFileType = sourcecode.swift; path = AppDelegate.swift; sourceTree = "<group>"; };
		91C2587B1F1225830089F340 /* ViewController.swift */ = {isa = PBXFileReference; lastKnownFileType = sourcecode.swift; path = ViewController.swift; sourceTree = "<group>"; };
		91C2587E1F1225830089F340 /* Base */ = {isa = PBXFileReference; lastKnownFileType = file.storyboard; name = Base; path = Base.lproj/Main.storyboard; sourceTree = "<group>"; };
		91C258801F1225830089F340 /* Assets.xcassets */ = {isa = PBXFileReference; lastKnownFileType = folder.assetcatalog; path = Assets.xcassets; sourceTree = "<group>"; };
		91C258831F1225830089F340 /* Base */ = {isa = PBXFileReference; lastKnownFileType = file.storyboard; name = Base; path = Base.lproj/LaunchScreen.storyboard; sourceTree = "<group>"; };
		91C258851F1225830089F340 /* Info.plist */ = {isa = PBXFileReference; lastKnownFileType = text.plist.xml; path = Info.plist; sourceTree = "<group>"; };
		91C258B01F17B3F90089F340 /* RegisterViewController.swift */ = {isa = PBXFileReference; fileEncoding = 4; lastKnownFileType = sourcecode.swift; path = RegisterViewController.swift; sourceTree = "<group>"; };
		CB508AB0DD47825CDAAA2A28 /* Pods-MyISProjectUITests.release.xcconfig */ = {isa = PBXFileReference; includeInIndex = 1; lastKnownFileType = text.xcconfig; name = "Pods-MyISProjectUITests.release.xcconfig"; path = "Pods/Target Support Files/Pods-MyISProjectUITests/Pods-MyISProjectUITests.release.xcconfig"; sourceTree = "<group>"; };
		D3ECA02F7D73D6D3F9DC1E4A /* Pods_MyISProjectTests.framework */ = {isa = PBXFileReference; explicitFileType = wrapper.framework; includeInIndex = 0; path = Pods_MyISProjectTests.framework; sourceTree = BUILT_PRODUCTS_DIR; };
		E5C3A3347E3ECA1AAD1CA267 /* Pods_MyISProjectUITests.framework */ = {isa = PBXFileReference; explicitFileType = wrapper.framework; includeInIndex = 0; path = Pods_MyISProjectUITests.framework; sourceTree = BUILT_PRODUCTS_DIR; };
		F23BD2271F3ED27800E316D5 /* WarrantyModel.swift */ = {isa = PBXFileReference; fileEncoding = 4; lastKnownFileType = sourcecode.swift; path = WarrantyModel.swift; sourceTree = "<group>"; };
		F23BD22A1F3EEEFD00E316D5 /* MyDateFormatter.swift */ = {isa = PBXFileReference; fileEncoding = 4; lastKnownFileType = sourcecode.swift; path = MyDateFormatter.swift; sourceTree = "<group>"; };
		F23BD22C1F3F2A1200E316D5 /* HistoryModel.swift */ = {isa = PBXFileReference; fileEncoding = 4; lastKnownFileType = sourcecode.swift; path = HistoryModel.swift; sourceTree = "<group>"; };
		F23BD2301F3F2AA000E316D5 /* HistoryDetailViewController.swift */ = {isa = PBXFileReference; fileEncoding = 4; lastKnownFileType = sourcecode.swift; path = HistoryDetailViewController.swift; sourceTree = "<group>"; };
		F23BD2321F3F336A00E316D5 /* HistoryEditViewController.swift */ = {isa = PBXFileReference; fileEncoding = 4; lastKnownFileType = sourcecode.swift; path = HistoryEditViewController.swift; sourceTree = "<group>"; };
		F23BD2351F3F672800E316D5 /* GoogleService-Info.plist */ = {isa = PBXFileReference; fileEncoding = 4; lastKnownFileType = text.plist.xml; path = "GoogleService-Info.plist"; sourceTree = "<group>"; };
		F23BD2371F3F699700E316D5 /* Promotion.swift */ = {isa = PBXFileReference; fileEncoding = 4; lastKnownFileType = sourcecode.swift; path = Promotion.swift; sourceTree = "<group>"; };
		F23BD2391F3F69AA00E316D5 /* Brand.swift */ = {isa = PBXFileReference; fileEncoding = 4; lastKnownFileType = sourcecode.swift; path = Brand.swift; sourceTree = "<group>"; };
		F23BD23B1F3F69CE00E316D5 /* Notification.swift */ = {isa = PBXFileReference; fileEncoding = 4; lastKnownFileType = sourcecode.swift; path = Notification.swift; sourceTree = "<group>"; };
		F23BD23D1F400CCF00E316D5 /* AlertHelper.swift */ = {isa = PBXFileReference; fileEncoding = 4; lastKnownFileType = sourcecode.swift; path = AlertHelper.swift; sourceTree = "<group>"; };
		F23BD23F1F401F6E00E316D5 /* Util.swift */ = {isa = PBXFileReference; fileEncoding = 4; lastKnownFileType = sourcecode.swift; path = Util.swift; sourceTree = "<group>"; };
		F23BD2411F41552600E316D5 /* HistoryConfirmViewController.swift */ = {isa = PBXFileReference; fileEncoding = 4; lastKnownFileType = sourcecode.swift; path = HistoryConfirmViewController.swift; sourceTree = "<group>"; };
		F23BD2441F417F9600E316D5 /* ResetPasswordViewController.swift */ = {isa = PBXFileReference; fileEncoding = 4; lastKnownFileType = sourcecode.swift; path = ResetPasswordViewController.swift; sourceTree = "<group>"; };
		F23BD2461F418E0600E316D5 /* EditProfileViewController.swift */ = {isa = PBXFileReference; fileEncoding = 4; lastKnownFileType = sourcecode.swift; path = EditProfileViewController.swift; sourceTree = "<group>"; };
		F23BD2481F49724300E316D5 /* UserModel.swift */ = {isa = PBXFileReference; fileEncoding = 4; lastKnownFileType = sourcecode.swift; path = UserModel.swift; sourceTree = "<group>"; };
		F23BD24A1F4986B900E316D5 /* Session.swift */ = {isa = PBXFileReference; fileEncoding = 4; lastKnownFileType = sourcecode.swift; path = Session.swift; sourceTree = "<group>"; };
/* End PBXFileReference section */

/* Begin PBXFrameworksBuildPhase section */
		91C258731F1225830089F340 /* Frameworks */ = {
			isa = PBXFrameworksBuildPhase;
			buildActionMask = 2147483647;
			files = (
				91200D9A1F23A794006AD068 /* CoreLocation.framework in Frameworks */,
				91200D981F23A785006AD068 /* MapKit.framework in Frameworks */,
				BD4864B71E4385F42101F7D3 /* Pods_MyISProject.framework in Frameworks */,
			);
			runOnlyForDeploymentPostprocessing = 0;
		};
/* End PBXFrameworksBuildPhase section */

/* Begin PBXGroup section */
		91200D8A1F210342006AD068 /* ViewController */ = {
			isa = PBXGroup;
			children = (
				F23BD2211F3ECF3F00E316D5 /* Profile */,
				F23BD2251F3ECFC100E316D5 /* Contact */,
				F23BD2241F3ECFB200E316D5 /* Feeds */,
				F23BD2221F3ECF4E00E316D5 /* Promotion */,
				F23BD2231F3ECF9E00E316D5 /* History */,
				F23BD2201F3ECF2500E316D5 /* Warranty */,
			);
			name = ViewController;
			sourceTree = "<group>";
		};
		91200D8F1F210E33006AD068 /* manage */ = {
			isa = PBXGroup;
			children = (
				91200D8D1F210396006AD068 /* MainNavigationViewController.swift */,
				91200D9E1F23C57D006AD068 /* FixViewTableCell.swift */,
				91200D0E1F1A289A006AD068 /* TableViewController.swift */,
				91200DAF1F2B92A0006AD068 /* ImageCollectionViewCell.swift */,
			);
			name = manage;
			sourceTree = "<group>";
		};
		91200D961F23A785006AD068 /* Frameworks */ = {
			isa = PBXGroup;
			children = (
				91200D991F23A794006AD068 /* CoreLocation.framework */,
				91200D971F23A785006AD068 /* MapKit.framework */,
				3C1F0739829AF8AE8ADA0F33 /* Pods_MyISProject.framework */,
				D3ECA02F7D73D6D3F9DC1E4A /* Pods_MyISProjectTests.framework */,
				E5C3A3347E3ECA1AAD1CA267 /* Pods_MyISProjectUITests.framework */,
			);
			name = Frameworks;
			sourceTree = "<group>";
		};
		91200D9B1F23A8D3006AD068 /* Sub Screen */ = {
			isa = PBXGroup;
			children = (
				91200D9C1F23A8F1006AD068 /* MapViewController.swift */,
			);
			name = "Sub Screen";
			sourceTree = "<group>";
		};
		91C2586D1F1225830089F340 = {
			isa = PBXGroup;
			children = (
				91C258781F1225830089F340 /* MyISProject */,
				91C258771F1225830089F340 /* Products */,
				91200D961F23A785006AD068 /* Frameworks */,
				AC3E71E3EC82F7A9398D54C6 /* Pods */,
			);
			sourceTree = "<group>";
		};
		91C258771F1225830089F340 /* Products */ = {
			isa = PBXGroup;
			children = (
				91C258761F1225830089F340 /* MyISProject.app */,
			);
			name = Products;
			sourceTree = "<group>";
		};
		91C258781F1225830089F340 /* MyISProject */ = {
			isa = PBXGroup;
			children = (
				F23BD2291F3EEEF100E316D5 /* Utility */,
				F23BD2261F3ED26900E316D5 /* Model */,
				91200D9B1F23A8D3006AD068 /* Sub Screen */,
				91200D8F1F210E33006AD068 /* manage */,
				91200D8A1F210342006AD068 /* ViewController */,
				91C258791F1225830089F340 /* AppDelegate.swift */,
				91C2587D1F1225830089F340 /* Main.storyboard */,
				91C258821F1225830089F340 /* LaunchScreen.storyboard */,
				F23BD2341F3F671900E316D5 /* Supporting Files */,
				F23BD24A1F4986B900E316D5 /* Session.swift */,
			);
			path = MyISProject;
			sourceTree = "<group>";
		};
		AC3E71E3EC82F7A9398D54C6 /* Pods */ = {
			isa = PBXGroup;
			children = (
				3858E0DFD9316BD47287F3B5 /* Pods-MyISProject.debug.xcconfig */,
				3E1892F3CC4837DF464DD57B /* Pods-MyISProject.release.xcconfig */,
				5694FD6FCA0F6A36B4009B74 /* Pods-MyISProjectTests.debug.xcconfig */,
				5F8CF479C07CB16E80C31CFF /* Pods-MyISProjectTests.release.xcconfig */,
				38FF890D370CB1811E64D7B8 /* Pods-MyISProjectUITests.debug.xcconfig */,
				CB508AB0DD47825CDAAA2A28 /* Pods-MyISProjectUITests.release.xcconfig */,
			);
			name = Pods;
			sourceTree = "<group>";
		};
		F23BD2201F3ECF2500E316D5 /* Warranty */ = {
			isa = PBXGroup;
			children = (
				91200D101F1A56B6006AD068 /* AddWarrantyViewController.swift */,
				91200D141F1A77BB006AD068 /* DetailWarrantyViewController.swift */,
				91200D721F1E528C006AD068 /* ShowDetailQRViewController.swift */,
				91200DAB1F2B4158006AD068 /* ConfirmQRViewController.swift */,
				919FB5C11F388C6E002BD2E5 /* ConditionViewController.swift */,
			);
			name = Warranty;
			sourceTree = "<group>";
		};
		F23BD2211F3ECF3F00E316D5 /* Profile */ = {
			isa = PBXGroup;
			children = (
				91C2587B1F1225830089F340 /* ViewController.swift */,
				910E63771F2DBC69004AD583 /* SettingTableViewController.swift */,
				91C258B01F17B3F90089F340 /* RegisterViewController.swift */,
				91200D091F197FC1006AD068 /* ConfirmRegisterViewController.swift */,
				F23BD2441F417F9600E316D5 /* ResetPasswordViewController.swift */,
				F23BD2461F418E0600E316D5 /* EditProfileViewController.swift */,
			);
			name = Profile;
			sourceTree = "<group>";
		};
		F23BD2221F3ECF4E00E316D5 /* Promotion */ = {
			isa = PBXGroup;
			children = (
				91200DA61F2B367A006AD068 /* PromotionViewController.swift */,
				910E63731F2CAD22004AD583 /* PromoDetailViewController.swift */,
				91200DB11F2B9A54006AD068 /* WebViewController.swift */,
			);
			name = Promotion;
			sourceTree = "<group>";
		};
		F23BD2231F3ECF9E00E316D5 /* History */ = {
			isa = PBXGroup;
			children = (
				91200DA21F2ACFB3006AD068 /* HistoryViewController.swift */,
				F23BD2301F3F2AA000E316D5 /* HistoryDetailViewController.swift */,
				F23BD2321F3F336A00E316D5 /* HistoryEditViewController.swift */,
				F23BD2411F41552600E316D5 /* HistoryConfirmViewController.swift */,
			);
			name = History;
			sourceTree = "<group>";
		};
		F23BD2241F3ECFB200E316D5 /* Feeds */ = {
			isa = PBXGroup;
			children = (
				91200DB31F2BA2FE006AD068 /* NotificationViewController.swift */,
			);
			name = Feeds;
			sourceTree = "<group>";
		};
		F23BD2251F3ECFC100E316D5 /* Contact */ = {
			isa = PBXGroup;
			children = (
				91200D921F234A46006AD068 /* ContactViewController.swift */,
			);
			name = Contact;
			sourceTree = "<group>";
		};
		F23BD2261F3ED26900E316D5 /* Model */ = {
			isa = PBXGroup;
			children = (
				F23BD2271F3ED27800E316D5 /* WarrantyModel.swift */,
				F23BD22C1F3F2A1200E316D5 /* HistoryModel.swift */,
				F23BD2371F3F699700E316D5 /* Promotion.swift */,
				F23BD2391F3F69AA00E316D5 /* Brand.swift */,
				F23BD23B1F3F69CE00E316D5 /* Notification.swift */,
				F23BD2481F49724300E316D5 /* UserModel.swift */,
			);
			name = Model;
			sourceTree = "<group>";
		};
		F23BD2291F3EEEF100E316D5 /* Utility */ = {
			isa = PBXGroup;
			children = (
				F23BD22A1F3EEEFD00E316D5 /* MyDateFormatter.swift */,
				F23BD23D1F400CCF00E316D5 /* AlertHelper.swift */,
				F23BD23F1F401F6E00E316D5 /* Util.swift */,
			);
			name = Utility;
			sourceTree = "<group>";
		};
		F23BD2341F3F671900E316D5 /* Supporting Files */ = {
			isa = PBXGroup;
			children = (
				91C258801F1225830089F340 /* Assets.xcassets */,
				F23BD2351F3F672800E316D5 /* GoogleService-Info.plist */,
				91C258851F1225830089F340 /* Info.plist */,
			);
			name = "Supporting Files";
			sourceTree = "<group>";
		};
/* End PBXGroup section */

/* Begin PBXNativeTarget section */
		91C258751F1225830089F340 /* MyISProject */ = {
			isa = PBXNativeTarget;
			buildConfigurationList = 91C2589E1F1225840089F340 /* Build configuration list for PBXNativeTarget "MyISProject" */;
			buildPhases = (
				2E43425784F71CC2562DDE05 /* [CP] Check Pods Manifest.lock */,
				91C258721F1225830089F340 /* Sources */,
				91C258731F1225830089F340 /* Frameworks */,
				91C258741F1225830089F340 /* Resources */,
				8C0F89EE27A33B739E1CA168 /* [CP] Embed Pods Frameworks */,
				72DA1E1CAADBC87BB25756A6 /* [CP] Copy Pods Resources */,
			);
			buildRules = (
			);
			dependencies = (
			);
			name = MyISProject;
			productName = MyISProject;
			productReference = 91C258761F1225830089F340 /* MyISProject.app */;
			productType = "com.apple.product-type.application";
		};
/* End PBXNativeTarget section */

/* Begin PBXProject section */
		91C2586E1F1225830089F340 /* Project object */ = {
			isa = PBXProject;
			attributes = {
				LastSwiftUpdateCheck = 0830;
				LastUpgradeCheck = 0830;
				ORGANIZATIONNAME = "Kamonpan Ketlue";
				TargetAttributes = {
					91C258751F1225830089F340 = {
						CreatedOnToolsVersion = 8.3.2;
						DevelopmentTeam = FZZ33759P6;
						ProvisioningStyle = Automatic;
					};
				};
			};
			buildConfigurationList = 91C258711F1225830089F340 /* Build configuration list for PBXProject "MyISProject" */;
			compatibilityVersion = "Xcode 3.2";
			developmentRegion = English;
			hasScannedForEncodings = 0;
			knownRegions = (
				en,
				Base,
				es,
			);
			mainGroup = 91C2586D1F1225830089F340;
			productRefGroup = 91C258771F1225830089F340 /* Products */;
			projectDirPath = "";
			projectRoot = "";
			targets = (
				91C258751F1225830089F340 /* MyISProject */,
			);
		};
/* End PBXProject section */

/* Begin PBXResourcesBuildPhase section */
		91C258741F1225830089F340 /* Resources */ = {
			isa = PBXResourcesBuildPhase;
			buildActionMask = 2147483647;
			files = (
				91C258841F1225830089F340 /* LaunchScreen.storyboard in Resources */,
				F23BD2361F3F672800E316D5 /* GoogleService-Info.plist in Resources */,
				91C258811F1225830089F340 /* Assets.xcassets in Resources */,
				91C2587F1F1225830089F340 /* Main.storyboard in Resources */,
			);
			runOnlyForDeploymentPostprocessing = 0;
		};
/* End PBXResourcesBuildPhase section */

/* Begin PBXShellScriptBuildPhase section */
		2E43425784F71CC2562DDE05 /* [CP] Check Pods Manifest.lock */ = {
			isa = PBXShellScriptBuildPhase;
			buildActionMask = 2147483647;
			files = (
			);
			inputPaths = (
				"${PODS_PODFILE_DIR_PATH}/Podfile.lock",
				"${PODS_ROOT}/Manifest.lock",
			);
			name = "[CP] Check Pods Manifest.lock";
			outputPaths = (
				"$(DERIVED_FILE_DIR)/Pods-MyISProject-checkManifestLockResult.txt",
			);
			runOnlyForDeploymentPostprocessing = 0;
			shellPath = /bin/sh;
			shellScript = "diff \"${PODS_PODFILE_DIR_PATH}/Podfile.lock\" \"${PODS_ROOT}/Manifest.lock\" > /dev/null\nif [ $? != 0 ] ; then\n    # print error to STDERR\n    echo \"error: The sandbox is not in sync with the Podfile.lock. Run 'pod install' or update your CocoaPods installation.\" >&2\n    exit 1\nfi\n# This output is used by Xcode 'outputs' to avoid re-running this script phase.\necho \"SUCCESS\" > \"${SCRIPT_OUTPUT_FILE_0}\"\n";
			showEnvVarsInLog = 0;
		};
		72DA1E1CAADBC87BB25756A6 /* [CP] Copy Pods Resources */ = {
			isa = PBXShellScriptBuildPhase;
			buildActionMask = 2147483647;
			files = (
			);
			inputPaths = (
			);
			name = "[CP] Copy Pods Resources";
			outputPaths = (
			);
			runOnlyForDeploymentPostprocessing = 0;
			shellPath = /bin/sh;
			shellScript = "\"${SRCROOT}/Pods/Target Support Files/Pods-MyISProject/Pods-MyISProject-resources.sh\"\n";
			showEnvVarsInLog = 0;
		};
		8C0F89EE27A33B739E1CA168 /* [CP] Embed Pods Frameworks */ = {
			isa = PBXShellScriptBuildPhase;
			buildActionMask = 2147483647;
			files = (
			);
			inputPaths = (
				"${SRCROOT}/Pods/Target Support Files/Pods-MyISProject/Pods-MyISProject-frameworks.sh",
				"${BUILT_PRODUCTS_DIR}/GTMSessionFetcher/GTMSessionFetcher.framework",
				"${BUILT_PRODUCTS_DIR}/GoogleToolboxForMac/GoogleToolboxForMac.framework",
				"${BUILT_PRODUCTS_DIR}/IQKeyboardManagerSwift/IQKeyboardManagerSwift.framework",
				"${BUILT_PRODUCTS_DIR}/QRCodeReader.swift/QRCodeReader.framework",
				"${BUILT_PRODUCTS_DIR}/SwiftOverlays/SwiftOverlays.framework",
				"${BUILT_PRODUCTS_DIR}/nanopb/nanopb.framework",
			);
			name = "[CP] Embed Pods Frameworks";
			outputPaths = (
				"${TARGET_BUILD_DIR}/${FRAMEWORKS_FOLDER_PATH}/GTMSessionFetcher.framework",
				"${TARGET_BUILD_DIR}/${FRAMEWORKS_FOLDER_PATH}/GoogleToolboxForMac.framework",
				"${TARGET_BUILD_DIR}/${FRAMEWORKS_FOLDER_PATH}/IQKeyboardManagerSwift.framework",
				"${TARGET_BUILD_DIR}/${FRAMEWORKS_FOLDER_PATH}/QRCodeReader.framework",
				"${TARGET_BUILD_DIR}/${FRAMEWORKS_FOLDER_PATH}/SwiftOverlays.framework",
				"${TARGET_BUILD_DIR}/${FRAMEWORKS_FOLDER_PATH}/nanopb.framework",
			);
			runOnlyForDeploymentPostprocessing = 0;
			shellPath = /bin/sh;
			shellScript = "\"${SRCROOT}/Pods/Target Support Files/Pods-MyISProject/Pods-MyISProject-frameworks.sh\"\n";
			showEnvVarsInLog = 0;
		};
/* End PBXShellScriptBuildPhase section */

/* Begin PBXSourcesBuildPhase section */
		91C258721F1225830089F340 /* Sources */ = {
			isa = PBXSourcesBuildPhase;
			buildActionMask = 2147483647;
			files = (
				91C2587C1F1225830089F340 /* ViewController.swift in Sources */,
				91200DB41F2BA2FE006AD068 /* NotificationViewController.swift in Sources */,
				91200D731F1E528C006AD068 /* ShowDetailQRViewController.swift in Sources */,
				F23BD2451F417F9600E316D5 /* ResetPasswordViewController.swift in Sources */,
				F23BD2401F401F6E00E316D5 /* Util.swift in Sources */,
				F23BD23E1F400CCF00E316D5 /* AlertHelper.swift in Sources */,
				919FB5C21F388C6E002BD2E5 /* ConditionViewController.swift in Sources */,
				F23BD23A1F3F69AA00E316D5 /* Brand.swift in Sources */,
				F23BD24B1F4986B900E316D5 /* Session.swift in Sources */,
				F23BD2491F49724300E316D5 /* UserModel.swift in Sources */,
				91200DA31F2ACFB3006AD068 /* HistoryViewController.swift in Sources */,
				91200DB01F2B92A0006AD068 /* ImageCollectionViewCell.swift in Sources */,
				F23BD2471F418E0600E316D5 /* EditProfileViewController.swift in Sources */,
				91200D111F1A56B6006AD068 /* AddWarrantyViewController.swift in Sources */,
				91200D9D1F23A8F1006AD068 /* MapViewController.swift in Sources */,
				91200D9F1F23C57D006AD068 /* FixViewTableCell.swift in Sources */,
				F23BD2421F41552600E316D5 /* HistoryConfirmViewController.swift in Sources */,
				91C258B11F17B3F90089F340 /* RegisterViewController.swift in Sources */,
				91200D931F234A46006AD068 /* ContactViewController.swift in Sources */,
				F23BD2311F3F2AA000E316D5 /* HistoryDetailViewController.swift in Sources */,
				91C2587A1F1225830089F340 /* AppDelegate.swift in Sources */,
				91200DAC1F2B4158006AD068 /* ConfirmQRViewController.swift in Sources */,
				91200D8E1F210396006AD068 /* MainNavigationViewController.swift in Sources */,
				910E63741F2CAD22004AD583 /* PromoDetailViewController.swift in Sources */,
				F23BD2381F3F699700E316D5 /* Promotion.swift in Sources */,
				91200D151F1A77BB006AD068 /* DetailWarrantyViewController.swift in Sources */,
				F23BD23C1F3F69CE00E316D5 /* Notification.swift in Sources */,
				91200D0F1F1A289A006AD068 /* TableViewController.swift in Sources */,
				F23BD22D1F3F2A1200E316D5 /* HistoryModel.swift in Sources */,
				F23BD22B1F3EEEFD00E316D5 /* MyDateFormatter.swift in Sources */,
				F23BD2281F3ED27800E316D5 /* WarrantyModel.swift in Sources */,
				91200D0A1F197FC1006AD068 /* ConfirmRegisterViewController.swift in Sources */,
				910E63781F2DBC69004AD583 /* SettingTableViewController.swift in Sources */,
				91200DB21F2B9A54006AD068 /* WebViewController.swift in Sources */,
				91200DA71F2B367A006AD068 /* PromotionViewController.swift in Sources */,
				F23BD2331F3F336A00E316D5 /* HistoryEditViewController.swift in Sources */,
			);
			runOnlyForDeploymentPostprocessing = 0;
		};
/* End PBXSourcesBuildPhase section */

/* Begin PBXVariantGroup section */
		91C2587D1F1225830089F340 /* Main.storyboard */ = {
			isa = PBXVariantGroup;
			children = (
				91C2587E1F1225830089F340 /* Base */,
			);
			name = Main.storyboard;
			sourceTree = "<group>";
		};
		91C258821F1225830089F340 /* LaunchScreen.storyboard */ = {
			isa = PBXVariantGroup;
			children = (
				91C258831F1225830089F340 /* Base */,
			);
			name = LaunchScreen.storyboard;
			sourceTree = "<group>";
		};
/* End PBXVariantGroup section */

/* Begin XCBuildConfiguration section */
		91C2589C1F1225840089F340 /* Debug */ = {
			isa = XCBuildConfiguration;
			buildSettings = {
				ALWAYS_SEARCH_USER_PATHS = NO;
				CLANG_ANALYZER_NONNULL = YES;
				CLANG_ANALYZER_NUMBER_OBJECT_CONVERSION = YES_AGGRESSIVE;
				CLANG_CXX_LANGUAGE_STANDARD = "gnu++0x";
				CLANG_CXX_LIBRARY = "libc++";
				CLANG_ENABLE_MODULES = YES;
				CLANG_ENABLE_OBJC_ARC = YES;
				CLANG_WARN_BOOL_CONVERSION = YES;
				CLANG_WARN_CONSTANT_CONVERSION = YES;
				CLANG_WARN_DIRECT_OBJC_ISA_USAGE = YES_ERROR;
				CLANG_WARN_DOCUMENTATION_COMMENTS = YES;
				CLANG_WARN_EMPTY_BODY = YES;
				CLANG_WARN_ENUM_CONVERSION = YES;
				CLANG_WARN_INFINITE_RECURSION = YES;
				CLANG_WARN_INT_CONVERSION = YES;
				CLANG_WARN_OBJC_ROOT_CLASS = YES_ERROR;
				CLANG_WARN_SUSPICIOUS_MOVE = YES;
				CLANG_WARN_UNREACHABLE_CODE = YES;
				CLANG_WARN__DUPLICATE_METHOD_MATCH = YES;
				"CODE_SIGN_IDENTITY[sdk=iphoneos*]" = "iPhone Developer";
				COPY_PHASE_STRIP = NO;
				DEBUG_INFORMATION_FORMAT = dwarf;
				ENABLE_STRICT_OBJC_MSGSEND = YES;
				ENABLE_TESTABILITY = YES;
				GCC_C_LANGUAGE_STANDARD = gnu99;
				GCC_DYNAMIC_NO_PIC = NO;
				GCC_NO_COMMON_BLOCKS = YES;
				GCC_OPTIMIZATION_LEVEL = 0;
				GCC_PREPROCESSOR_DEFINITIONS = (
					"DEBUG=1",
					"$(inherited)",
				);
				GCC_WARN_64_TO_32_BIT_CONVERSION = YES;
				GCC_WARN_ABOUT_RETURN_TYPE = YES_ERROR;
				GCC_WARN_UNDECLARED_SELECTOR = YES;
				GCC_WARN_UNINITIALIZED_AUTOS = YES_AGGRESSIVE;
				GCC_WARN_UNUSED_FUNCTION = YES;
				GCC_WARN_UNUSED_VARIABLE = YES;
				IPHONEOS_DEPLOYMENT_TARGET = 10.3;
				MTL_ENABLE_DEBUG_INFO = YES;
				ONLY_ACTIVE_ARCH = YES;
				SDKROOT = iphoneos;
				SWIFT_ACTIVE_COMPILATION_CONDITIONS = DEBUG;
				SWIFT_OPTIMIZATION_LEVEL = "-Onone";
				TARGETED_DEVICE_FAMILY = "1,2";
			};
			name = Debug;
		};
		91C2589D1F1225840089F340 /* Release */ = {
			isa = XCBuildConfiguration;
			buildSettings = {
				ALWAYS_SEARCH_USER_PATHS = NO;
				CLANG_ANALYZER_NONNULL = YES;
				CLANG_ANALYZER_NUMBER_OBJECT_CONVERSION = YES_AGGRESSIVE;
				CLANG_CXX_LANGUAGE_STANDARD = "gnu++0x";
				CLANG_CXX_LIBRARY = "libc++";
				CLANG_ENABLE_MODULES = YES;
				CLANG_ENABLE_OBJC_ARC = YES;
				CLANG_WARN_BOOL_CONVERSION = YES;
				CLANG_WARN_CONSTANT_CONVERSION = YES;
				CLANG_WARN_DIRECT_OBJC_ISA_USAGE = YES_ERROR;
				CLANG_WARN_DOCUMENTATION_COMMENTS = YES;
				CLANG_WARN_EMPTY_BODY = YES;
				CLANG_WARN_ENUM_CONVERSION = YES;
				CLANG_WARN_INFINITE_RECURSION = YES;
				CLANG_WARN_INT_CONVERSION = YES;
				CLANG_WARN_OBJC_ROOT_CLASS = YES_ERROR;
				CLANG_WARN_SUSPICIOUS_MOVE = YES;
				CLANG_WARN_UNREACHABLE_CODE = YES;
				CLANG_WARN__DUPLICATE_METHOD_MATCH = YES;
				"CODE_SIGN_IDENTITY[sdk=iphoneos*]" = "iPhone Developer";
				COPY_PHASE_STRIP = NO;
				DEBUG_INFORMATION_FORMAT = "dwarf-with-dsym";
				ENABLE_NS_ASSERTIONS = NO;
				ENABLE_STRICT_OBJC_MSGSEND = YES;
				GCC_C_LANGUAGE_STANDARD = gnu99;
				GCC_NO_COMMON_BLOCKS = YES;
				GCC_WARN_64_TO_32_BIT_CONVERSION = YES;
				GCC_WARN_ABOUT_RETURN_TYPE = YES_ERROR;
				GCC_WARN_UNDECLARED_SELECTOR = YES;
				GCC_WARN_UNINITIALIZED_AUTOS = YES_AGGRESSIVE;
				GCC_WARN_UNUSED_FUNCTION = YES;
				GCC_WARN_UNUSED_VARIABLE = YES;
				IPHONEOS_DEPLOYMENT_TARGET = 10.3;
				MTL_ENABLE_DEBUG_INFO = NO;
				SDKROOT = iphoneos;
				SWIFT_OPTIMIZATION_LEVEL = "-Owholemodule";
				TARGETED_DEVICE_FAMILY = "1,2";
				VALIDATE_PRODUCT = YES;
			};
			name = Release;
		};
		91C2589F1F1225840089F340 /* Debug */ = {
			isa = XCBuildConfiguration;
			baseConfigurationReference = 3858E0DFD9316BD47287F3B5 /* Pods-MyISProject.debug.xcconfig */;
			buildSettings = {
				ASSETCATALOG_COMPILER_APPICON_NAME = AppIcon;
				DEVELOPMENT_TEAM = FZZ33759P6;
				INFOPLIST_FILE = MyISProject/Info.plist;
				LD_RUNPATH_SEARCH_PATHS = "$(inherited) @executable_path/Frameworks";
				PRODUCT_BUNDLE_IDENTIFIER = com.example.iWarranty2;
				PRODUCT_NAME = "$(TARGET_NAME)";
				SWIFT_VERSION = 3.0;
			};
			name = Debug;
		};
		91C258A01F1225840089F340 /* Release */ = {
			isa = XCBuildConfiguration;
			baseConfigurationReference = 3E1892F3CC4837DF464DD57B /* Pods-MyISProject.release.xcconfig */;
			buildSettings = {
				ASSETCATALOG_COMPILER_APPICON_NAME = AppIcon;
				DEVELOPMENT_TEAM = FZZ33759P6;
				INFOPLIST_FILE = MyISProject/Info.plist;
				LD_RUNPATH_SEARCH_PATHS = "$(inherited) @executable_path/Frameworks";
				PRODUCT_BUNDLE_IDENTIFIER = com.example.iWarranty2;
				PRODUCT_NAME = "$(TARGET_NAME)";
				SWIFT_VERSION = 3.0;
			};
			name = Release;
		};
/* End XCBuildConfiguration section */

/* Begin XCConfigurationList section */
		91C258711F1225830089F340 /* Build configuration list for PBXProject "MyISProject" */ = {
			isa = XCConfigurationList;
			buildConfigurations = (
				91C2589C1F1225840089F340 /* Debug */,
				91C2589D1F1225840089F340 /* Release */,
			);
			defaultConfigurationIsVisible = 0;
			defaultConfigurationName = Release;
		};
		91C2589E1F1225840089F340 /* Build configuration list for PBXNativeTarget "MyISProject" */ = {
			isa = XCConfigurationList;
			buildConfigurations = (
				91C2589F1F1225840089F340 /* Debug */,
				91C258A01F1225840089F340 /* Release */,
			);
			defaultConfigurationIsVisible = 0;
			defaultConfigurationName = Release;
		};
/* End XCConfigurationList section */
	};
	rootObject = 91C2586E1F1225830089F340 /* Project object */;
}
